// !$*UTF8*$!
{
	archiveVersion = 1;
	classes = {
	};
	objectVersion = 50;
	objects = {

/* Begin PBXBuildFile section */
		8D04C0232406825E008947AF /* Detail.swift in Sources */ = {isa = PBXBuildFile; fileRef = 8D04C0222406825E008947AF /* Detail.swift */; };
		8DC4CAAD240656520096D7F8 /* AppDelegate.swift in Sources */ = {isa = PBXBuildFile; fileRef = 8DC4CAAC240656520096D7F8 /* AppDelegate.swift */; };
		8DC4CAAF240656520096D7F8 /* SceneDelegate.swift in Sources */ = {isa = PBXBuildFile; fileRef = 8DC4CAAE240656520096D7F8 /* SceneDelegate.swift */; };
		8DC4CAB1240656520096D7F8 /* ContentView.swift in Sources */ = {isa = PBXBuildFile; fileRef = 8DC4CAB0240656520096D7F8 /* ContentView.swift */; };
		8DC4CAB3240656520096D7F8 /* Assets.xcassets in Resources */ = {isa = PBXBuildFile; fileRef = 8DC4CAB2240656520096D7F8 /* Assets.xcassets */; };
		8DC4CAB6240656520096D7F8 /* Preview Assets.xcassets in Resources */ = {isa = PBXBuildFile; fileRef = 8DC4CAB5240656520096D7F8 /* Preview Assets.xcassets */; };
		8DC4CAB9240656520096D7F8 /* LaunchScreen.storyboard in Resources */ = {isa = PBXBuildFile; fileRef = 8DC4CAB7240656520096D7F8 /* LaunchScreen.storyboard */; };
		8DC4CAC4240656520096D7F8 /* netflixuiTests.swift in Sources */ = {isa = PBXBuildFile; fileRef = 8DC4CAC3240656520096D7F8 /* netflixuiTests.swift */; };
		8DC4CACF240656520096D7F8 /* netflixuiUITests.swift in Sources */ = {isa = PBXBuildFile; fileRef = 8DC4CACE240656520096D7F8 /* netflixuiUITests.swift */; };
		8DC4CADE240657500096D7F8 /* Home.swift in Sources */ = {isa = PBXBuildFile; fileRef = 8DC4CADD240657500096D7F8 /* Home.swift */; };
		8DC4CAE1240664E00096D7F8 /* Type.swift in Sources */ = {isa = PBXBuildFile; fileRef = 8DC4CAE0240664E00096D7F8 /* Type.swift */; };
		8DC4CAE3240665650096D7F8 /* EpisodeType.swift in Sources */ = {isa = PBXBuildFile; fileRef = 8DC4CAE2240665650096D7F8 /* EpisodeType.swift */; };
		8DC4CAE5240665980096D7F8 /* Repository.swift in Sources */ = {isa = PBXBuildFile; fileRef = 8DC4CAE4240665980096D7F8 /* Repository.swift */; };
/* End PBXBuildFile section */

/* Begin PBXContainerItemProxy section */
		8DC4CAC0240656520096D7F8 /* PBXContainerItemProxy */ = {
			isa = PBXContainerItemProxy;
			containerPortal = 8DC4CAA1240656510096D7F8 /* Project object */;
			proxyType = 1;
			remoteGlobalIDString = 8DC4CAA8240656510096D7F8;
			remoteInfo = netflixui;
		};
		8DC4CACB240656520096D7F8 /* PBXContainerItemProxy */ = {
			isa = PBXContainerItemProxy;
			containerPortal = 8DC4CAA1240656510096D7F8 /* Project object */;
			proxyType = 1;
			remoteGlobalIDString = 8DC4CAA8240656510096D7F8;
			remoteInfo = netflixui;
		};
/* End PBXContainerItemProxy section */

/* Begin PBXFileReference section */
		8D04C0222406825E008947AF /* Detail.swift */ = {isa = PBXFileReference; lastKnownFileType = sourcecode.swift; path = Detail.swift; sourceTree = "<group>"; };
		8DC4CAA9240656510096D7F8 /* netflixui.app */ = {isa = PBXFileReference; explicitFileType = wrapper.application; includeInIndex = 0; path = netflixui.app; sourceTree = BUILT_PRODUCTS_DIR; };
		8DC4CAAC240656520096D7F8 /* AppDelegate.swift */ = {isa = PBXFileReference; lastKnownFileType = sourcecode.swift; path = AppDelegate.swift; sourceTree = "<group>"; };
		8DC4CAAE240656520096D7F8 /* SceneDelegate.swift */ = {isa = PBXFileReference; lastKnownFileType = sourcecode.swift; path = SceneDelegate.swift; sourceTree = "<group>"; };
		8DC4CAB0240656520096D7F8 /* ContentView.swift */ = {isa = PBXFileReference; lastKnownFileType = sourcecode.swift; path = ContentView.swift; sourceTree = "<group>"; };
		8DC4CAB2240656520096D7F8 /* Assets.xcassets */ = {isa = PBXFileReference; lastKnownFileType = folder.assetcatalog; path = Assets.xcassets; sourceTree = "<group>"; };
		8DC4CAB5240656520096D7F8 /* Preview Assets.xcassets */ = {isa = PBXFileReference; lastKnownFileType = folder.assetcatalog; path = "Preview Assets.xcassets"; sourceTree = "<group>"; };
		8DC4CAB8240656520096D7F8 /* Base */ = {isa = PBXFileReference; lastKnownFileType = file.storyboard; name = Base; path = Base.lproj/LaunchScreen.storyboard; sourceTree = "<group>"; };
		8DC4CABA240656520096D7F8 /* Info.plist */ = {isa = PBXFileReference; lastKnownFileType = text.plist.xml; path = Info.plist; sourceTree = "<group>"; };
		8DC4CABF240656520096D7F8 /* netflixuiTests.xctest */ = {isa = PBXFileReference; explicitFileType = wrapper.cfbundle; includeInIndex = 0; path = netflixuiTests.xctest; sourceTree = BUILT_PRODUCTS_DIR; };
		8DC4CAC3240656520096D7F8 /* netflixuiTests.swift */ = {isa = PBXFileReference; lastKnownFileType = sourcecode.swift; path = netflixuiTests.swift; sourceTree = "<group>"; };
		8DC4CAC5240656520096D7F8 /* Info.plist */ = {isa = PBXFileReference; lastKnownFileType = text.plist.xml; path = Info.plist; sourceTree = "<group>"; };
		8DC4CACA240656520096D7F8 /* netflixuiUITests.xctest */ = {isa = PBXFileReference; explicitFileType = wrapper.cfbundle; includeInIndex = 0; path = netflixuiUITests.xctest; sourceTree = BUILT_PRODUCTS_DIR; };
		8DC4CACE240656520096D7F8 /* netflixuiUITests.swift */ = {isa = PBXFileReference; lastKnownFileType = sourcecode.swift; path = netflixuiUITests.swift; sourceTree = "<group>"; };
		8DC4CAD0240656520096D7F8 /* Info.plist */ = {isa = PBXFileReference; lastKnownFileType = text.plist.xml; path = Info.plist; sourceTree = "<group>"; };
		8DC4CADD240657500096D7F8 /* Home.swift */ = {isa = PBXFileReference; lastKnownFileType = sourcecode.swift; path = Home.swift; sourceTree = "<group>"; };
		8DC4CAE0240664E00096D7F8 /* Type.swift */ = {isa = PBXFileReference; lastKnownFileType = sourcecode.swift; path = Type.swift; sourceTree = "<group>"; };
		8DC4CAE2240665650096D7F8 /* EpisodeType.swift */ = {isa = PBXFileReference; lastKnownFileType = sourcecode.swift; path = EpisodeType.swift; sourceTree = "<group>"; };
		8DC4CAE4240665980096D7F8 /* Repository.swift */ = {isa = PBXFileReference; lastKnownFileType = sourcecode.swift; path = Repository.swift; sourceTree = "<group>"; };
/* End PBXFileReference section */

/* Begin PBXFrameworksBuildPhase section */
		8DC4CAA6240656510096D7F8 /* Frameworks */ = {
			isa = PBXFrameworksBuildPhase;
			buildActionMask = 2147483647;
			files = (
			);
			runOnlyForDeploymentPostprocessing = 0;
		};
		8DC4CABC240656520096D7F8 /* Frameworks */ = {
			isa = PBXFrameworksBuildPhase;
			buildActionMask = 2147483647;
			files = (
			);
			runOnlyForDeploymentPostprocessing = 0;
		};
		8DC4CAC7240656520096D7F8 /* Frameworks */ = {
			isa = PBXFrameworksBuildPhase;
			buildActionMask = 2147483647;
			files = (
			);
			runOnlyForDeploymentPostprocessing = 0;
		};
/* End PBXFrameworksBuildPhase section */

/* Begin PBXGroup section */
		8DC4CAA0240656510096D7F8 = {
			isa = PBXGroup;
			children = (
				8DC4CAAB240656510096D7F8 /* netflixui */,
				8DC4CAC2240656520096D7F8 /* netflixuiTests */,
				8DC4CACD240656520096D7F8 /* netflixuiUITests */,
				8DC4CAAA240656510096D7F8 /* Products */,
			);
			sourceTree = "<group>";
		};
		8DC4CAAA240656510096D7F8 /* Products */ = {
			isa = PBXGroup;
			children = (
				8DC4CAA9240656510096D7F8 /* netflixui.app */,
				8DC4CABF240656520096D7F8 /* netflixuiTests.xctest */,
				8DC4CACA240656520096D7F8 /* netflixuiUITests.xctest */,
			);
			name = Products;
			sourceTree = "<group>";
		};
		8DC4CAAB240656510096D7F8 /* netflixui */ = {
			isa = PBXGroup;
			children = (
				8DC4CADF240664D10096D7F8 /* Data */,
				8DC4CADC2406573D0096D7F8 /* UI */,
				8DC4CAAC240656520096D7F8 /* AppDelegate.swift */,
				8DC4CAAE240656520096D7F8 /* SceneDelegate.swift */,
				8DC4CAB2240656520096D7F8 /* Assets.xcassets */,
				8DC4CAB7240656520096D7F8 /* LaunchScreen.storyboard */,
				8DC4CABA240656520096D7F8 /* Info.plist */,
				8DC4CAB4240656520096D7F8 /* Preview Content */,
			);
			path = netflixui;
			sourceTree = "<group>";
		};
		8DC4CAB4240656520096D7F8 /* Preview Content */ = {
			isa = PBXGroup;
			children = (
				8DC4CAB5240656520096D7F8 /* Preview Assets.xcassets */,
			);
			path = "Preview Content";
			sourceTree = "<group>";
		};
		8DC4CAC2240656520096D7F8 /* netflixuiTests */ = {
			isa = PBXGroup;
			children = (
				8DC4CAC3240656520096D7F8 /* netflixuiTests.swift */,
				8DC4CAC5240656520096D7F8 /* Info.plist */,
			);
			path = netflixuiTests;
			sourceTree = "<group>";
		};
		8DC4CACD240656520096D7F8 /* netflixuiUITests */ = {
			isa = PBXGroup;
			children = (
				8DC4CACE240656520096D7F8 /* netflixuiUITests.swift */,
				8DC4CAD0240656520096D7F8 /* Info.plist */,
			);
			path = netflixuiUITests;
			sourceTree = "<group>";
		};
		8DC4CADC2406573D0096D7F8 /* UI */ = {
			isa = PBXGroup;
			children = (
				8DC4CADD240657500096D7F8 /* Home.swift */,
				8DC4CAB0240656520096D7F8 /* ContentView.swift */,
				8D04C0222406825E008947AF /* Detail.swift */,
			);
			path = UI;
			sourceTree = "<group>";
		};
		8DC4CADF240664D10096D7F8 /* Data */ = {
			isa = PBXGroup;
			children = (
				8DC4CAE0240664E00096D7F8 /* Type.swift */,
				8DC4CAE2240665650096D7F8 /* EpisodeType.swift */,
				8DC4CAE4240665980096D7F8 /* Repository.swift */,
			);
			path = Data;
			sourceTree = "<group>";
		};
/* End PBXGroup section */

/* Begin PBXNativeTarget section */
		8DC4CAA8240656510096D7F8 /* netflixui */ = {
			isa = PBXNativeTarget;
			buildConfigurationList = 8DC4CAD3240656520096D7F8 /* Build configuration list for PBXNativeTarget "netflixui" */;
			buildPhases = (
				8DC4CAA5240656510096D7F8 /* Sources */,
				8DC4CAA6240656510096D7F8 /* Frameworks */,
				8DC4CAA7240656510096D7F8 /* Resources */,
			);
			buildRules = (
			);
			dependencies = (
			);
			name = netflixui;
			productName = netflixui;
			productReference = 8DC4CAA9240656510096D7F8 /* netflixui.app */;
			productType = "com.apple.product-type.application";
		};
		8DC4CABE240656520096D7F8 /* netflixuiTests */ = {
			isa = PBXNativeTarget;
			buildConfigurationList = 8DC4CAD6240656520096D7F8 /* Build configuration list for PBXNativeTarget "netflixuiTests" */;
			buildPhases = (
				8DC4CABB240656520096D7F8 /* Sources */,
				8DC4CABC240656520096D7F8 /* Frameworks */,
				8DC4CABD240656520096D7F8 /* Resources */,
			);
			buildRules = (
			);
			dependencies = (
				8DC4CAC1240656520096D7F8 /* PBXTargetDependency */,
			);
			name = netflixuiTests;
			productName = netflixuiTests;
			productReference = 8DC4CABF240656520096D7F8 /* netflixuiTests.xctest */;
			productType = "com.apple.product-type.bundle.unit-test";
		};
		8DC4CAC9240656520096D7F8 /* netflixuiUITests */ = {
			isa = PBXNativeTarget;
			buildConfigurationList = 8DC4CAD9240656520096D7F8 /* Build configuration list for PBXNativeTarget "netflixuiUITests" */;
			buildPhases = (
				8DC4CAC6240656520096D7F8 /* Sources */,
				8DC4CAC7240656520096D7F8 /* Frameworks */,
				8DC4CAC8240656520096D7F8 /* Resources */,
			);
			buildRules = (
			);
			dependencies = (
				8DC4CACC240656520096D7F8 /* PBXTargetDependency */,
			);
			name = netflixuiUITests;
			productName = netflixuiUITests;
			productReference = 8DC4CACA240656520096D7F8 /* netflixuiUITests.xctest */;
			productType = "com.apple.product-type.bundle.ui-testing";
		};
/* End PBXNativeTarget section */

/* Begin PBXProject section */
		8DC4CAA1240656510096D7F8 /* Project object */ = {
			isa = PBXProject;
			attributes = {
				LastSwiftUpdateCheck = 1130;
				LastUpgradeCheck = 1130;
				ORGANIZATIONNAME = dwirandyh.com;
				TargetAttributes = {
					8DC4CAA8240656510096D7F8 = {
						CreatedOnToolsVersion = 11.3.1;
					};
					8DC4CABE240656520096D7F8 = {
						CreatedOnToolsVersion = 11.3.1;
						TestTargetID = 8DC4CAA8240656510096D7F8;
					};
					8DC4CAC9240656520096D7F8 = {
						CreatedOnToolsVersion = 11.3.1;
						TestTargetID = 8DC4CAA8240656510096D7F8;
					};
				};
			};
			buildConfigurationList = 8DC4CAA4240656510096D7F8 /* Build configuration list for PBXProject "netflixui" */;
			compatibilityVersion = "Xcode 9.3";
			developmentRegion = en;
			hasScannedForEncodings = 0;
			knownRegions = (
				en,
				Base,
			);
			mainGroup = 8DC4CAA0240656510096D7F8;
			productRefGroup = 8DC4CAAA240656510096D7F8 /* Products */;
			projectDirPath = "";
			projectRoot = "";
			targets = (
				8DC4CAA8240656510096D7F8 /* netflixui */,
				8DC4CABE240656520096D7F8 /* netflixuiTests */,
				8DC4CAC9240656520096D7F8 /* netflixuiUITests */,
			);
		};
/* End PBXProject section */

/* Begin PBXResourcesBuildPhase section */
		8DC4CAA7240656510096D7F8 /* Resources */ = {
			isa = PBXResourcesBuildPhase;
			buildActionMask = 2147483647;
			files = (
				8DC4CAB9240656520096D7F8 /* LaunchScreen.storyboard in Resources */,
				8DC4CAB6240656520096D7F8 /* Preview Assets.xcassets in Resources */,
				8DC4CAB3240656520096D7F8 /* Assets.xcassets in Resources */,
			);
			runOnlyForDeploymentPostprocessing = 0;
		};
		8DC4CABD240656520096D7F8 /* Resources */ = {
			isa = PBXResourcesBuildPhase;
			buildActionMask = 2147483647;
			files = (
			);
			runOnlyForDeploymentPostprocessing = 0;
		};
		8DC4CAC8240656520096D7F8 /* Resources */ = {
			isa = PBXResourcesBuildPhase;
			buildActionMask = 2147483647;
			files = (
			);
			runOnlyForDeploymentPostprocessing = 0;
		};
/* End PBXResourcesBuildPhase section */

/* Begin PBXSourcesBuildPhase section */
		8DC4CAA5240656510096D7F8 /* Sources */ = {
			isa = PBXSourcesBuildPhase;
			buildActionMask = 2147483647;
			files = (
				8DC4CAE5240665980096D7F8 /* Repository.swift in Sources */,
				8DC4CAAD240656520096D7F8 /* AppDelegate.swift in Sources */,
				8D04C0232406825E008947AF /* Detail.swift in Sources */,
				8DC4CAE3240665650096D7F8 /* EpisodeType.swift in Sources */,
				8DC4CAE1240664E00096D7F8 /* Type.swift in Sources */,
				8DC4CAAF240656520096D7F8 /* SceneDelegate.swift in Sources */,
				8DC4CADE240657500096D7F8 /* Home.swift in Sources */,
				8DC4CAB1240656520096D7F8 /* ContentView.swift in Sources */,
			);
			runOnlyForDeploymentPostprocessing = 0;
		};
		8DC4CABB240656520096D7F8 /* Sources */ = {
			isa = PBXSourcesBuildPhase;
			buildActionMask = 2147483647;
			files = (
				8DC4CAC4240656520096D7F8 /* netflixuiTests.swift in Sources */,
			);
			runOnlyForDeploymentPostprocessing = 0;
		};
		8DC4CAC6240656520096D7F8 /* Sources */ = {
			isa = PBXSourcesBuildPhase;
			buildActionMask = 2147483647;
			files = (
				8DC4CACF240656520096D7F8 /* netflixuiUITests.swift in Sources */,
			);
			runOnlyForDeploymentPostprocessing = 0;
		};
/* End PBXSourcesBuildPhase section */

/* Begin PBXTargetDependency section */
		8DC4CAC1240656520096D7F8 /* PBXTargetDependency */ = {
			isa = PBXTargetDependency;
			target = 8DC4CAA8240656510096D7F8 /* netflixui */;
			targetProxy = 8DC4CAC0240656520096D7F8 /* PBXContainerItemProxy */;
		};
		8DC4CACC240656520096D7F8 /* PBXTargetDependency */ = {
			isa = PBXTargetDependency;
			target = 8DC4CAA8240656510096D7F8 /* netflixui */;
			targetProxy = 8DC4CACB240656520096D7F8 /* PBXContainerItemProxy */;
		};
/* End PBXTargetDependency section */

/* Begin PBXVariantGroup section */
		8DC4CAB7240656520096D7F8 /* LaunchScreen.storyboard */ = {
			isa = PBXVariantGroup;
			children = (
				8DC4CAB8240656520096D7F8 /* Base */,
			);
			name = LaunchScreen.storyboard;
			sourceTree = "<group>";
		};
/* End PBXVariantGroup section */

/* Begin XCBuildConfiguration section */
		8DC4CAD1240656520096D7F8 /* Debug */ = {
			isa = XCBuildConfiguration;
			buildSettings = {
				ALWAYS_SEARCH_USER_PATHS = NO;
				CLANG_ANALYZER_NONNULL = YES;
				CLANG_ANALYZER_NUMBER_OBJECT_CONVERSION = YES_AGGRESSIVE;
				CLANG_CXX_LANGUAGE_STANDARD = "gnu++14";
				CLANG_CXX_LIBRARY = "libc++";
				CLANG_ENABLE_MODULES = YES;
				CLANG_ENABLE_OBJC_ARC = YES;
				CLANG_ENABLE_OBJC_WEAK = YES;
				CLANG_WARN_BLOCK_CAPTURE_AUTORELEASING = YES;
				CLANG_WARN_BOOL_CONVERSION = YES;
				CLANG_WARN_COMMA = YES;
				CLANG_WARN_CONSTANT_CONVERSION = YES;
				CLANG_WARN_DEPRECATED_OBJC_IMPLEMENTATIONS = YES;
				CLANG_WARN_DIRECT_OBJC_ISA_USAGE = YES_ERROR;
				CLANG_WARN_DOCUMENTATION_COMMENTS = YES;
				CLANG_WARN_EMPTY_BODY = YES;
				CLANG_WARN_ENUM_CONVERSION = YES;
				CLANG_WARN_INFINITE_RECURSION = YES;
				CLANG_WARN_INT_CONVERSION = YES;
				CLANG_WARN_NON_LITERAL_NULL_CONVERSION = YES;
				CLANG_WARN_OBJC_IMPLICIT_RETAIN_SELF = YES;
				CLANG_WARN_OBJC_LITERAL_CONVERSION = YES;
				CLANG_WARN_OBJC_ROOT_CLASS = YES_ERROR;
				CLANG_WARN_RANGE_LOOP_ANALYSIS = YES;
				CLANG_WARN_STRICT_PROTOTYPES = YES;
				CLANG_WARN_SUSPICIOUS_MOVE = YES;
				CLANG_WARN_UNGUARDED_AVAILABILITY = YES_AGGRESSIVE;
				CLANG_WARN_UNREACHABLE_CODE = YES;
				CLANG_WARN__DUPLICATE_METHOD_MATCH = YES;
				COPY_PHASE_STRIP = NO;
				DEBUG_INFORMATION_FORMAT = dwarf;
				ENABLE_STRICT_OBJC_MSGSEND = YES;
				ENABLE_TESTABILITY = YES;
				GCC_C_LANGUAGE_STANDARD = gnu11;
				GCC_DYNAMIC_NO_PIC = NO;
				GCC_NO_COMMON_BLOCKS = YES;
				GCC_OPTIMIZATION_LEVEL = 0;
				GCC_PREPROCESSOR_DEFINITIONS = (
					"DEBUG=1",
					"$(inherited)",
				);
				GCC_WARN_64_TO_32_BIT_CONVERSION = YES;
				GCC_WARN_ABOUT_RETURN_TYPE = YES_ERROR;
				GCC_WARN_UNDECLARED_SELECTOR = YES;
				GCC_WARN_UNINITIALIZED_AUTOS = YES_AGGRESSIVE;
				GCC_WARN_UNUSED_FUNCTION = YES;
				GCC_WARN_UNUSED_VARIABLE = YES;
				IPHONEOS_DEPLOYMENT_TARGET = 13.2;
				MTL_ENABLE_DEBUG_INFO = INCLUDE_SOURCE;
				MTL_FAST_MATH = YES;
				ONLY_ACTIVE_ARCH = YES;
				SDKROOT = iphoneos;
				SWIFT_ACTIVE_COMPILATION_CONDITIONS = DEBUG;
				SWIFT_OPTIMIZATION_LEVEL = "-Onone";
			};
			name = Debug;
		};
		8DC4CAD2240656520096D7F8 /* Release */ = {
			isa = XCBuildConfiguration;
			buildSettings = {
				ALWAYS_SEARCH_USER_PATHS = NO;
				CLANG_ANALYZER_NONNULL = YES;
				CLANG_ANALYZER_NUMBER_OBJECT_CONVERSION = YES_AGGRESSIVE;
				CLANG_CXX_LANGUAGE_STANDARD = "gnu++14";
				CLANG_CXX_LIBRARY = "libc++";
				CLANG_ENABLE_MODULES = YES;
				CLANG_ENABLE_OBJC_ARC = YES;
				CLANG_ENABLE_OBJC_WEAK = YES;
				CLANG_WARN_BLOCK_CAPTURE_AUTORELEASING = YES;
				CLANG_WARN_BOOL_CONVERSION = YES;
				CLANG_WARN_COMMA = YES;
				CLANG_WARN_CONSTANT_CONVERSION = YES;
				CLANG_WARN_DEPRECATED_OBJC_IMPLEMENTATIONS = YES;
				CLANG_WARN_DIRECT_OBJC_ISA_USAGE = YES_ERROR;
				CLANG_WARN_DOCUMENTATION_COMMENTS = YES;
				CLANG_WARN_EMPTY_BODY = YES;
				CLANG_WARN_ENUM_CONVERSION = YES;
				CLANG_WARN_INFINITE_RECURSION = YES;
				CLANG_WARN_INT_CONVERSION = YES;
				CLANG_WARN_NON_LITERAL_NULL_CONVERSION = YES;
				CLANG_WARN_OBJC_IMPLICIT_RETAIN_SELF = YES;
				CLANG_WARN_OBJC_LITERAL_CONVERSION = YES;
				CLANG_WARN_OBJC_ROOT_CLASS = YES_ERROR;
				CLANG_WARN_RANGE_LOOP_ANALYSIS = YES;
				CLANG_WARN_STRICT_PROTOTYPES = YES;
				CLANG_WARN_SUSPICIOUS_MOVE = YES;
				CLANG_WARN_UNGUARDED_AVAILABILITY = YES_AGGRESSIVE;
				CLANG_WARN_UNREACHABLE_CODE = YES;
				CLANG_WARN__DUPLICATE_METHOD_MATCH = YES;
				COPY_PHASE_STRIP = NO;
				DEBUG_INFORMATION_FORMAT = "dwarf-with-dsym";
				ENABLE_NS_ASSERTIONS = NO;
				ENABLE_STRICT_OBJC_MSGSEND = YES;
				GCC_C_LANGUAGE_STANDARD = gnu11;
				GCC_NO_COMMON_BLOCKS = YES;
				GCC_WARN_64_TO_32_BIT_CONVERSION = YES;
				GCC_WARN_ABOUT_RETURN_TYPE = YES_ERROR;
				GCC_WARN_UNDECLARED_SELECTOR = YES;
				GCC_WARN_UNINITIALIZED_AUTOS = YES_AGGRESSIVE;
				GCC_WARN_UNUSED_FUNCTION = YES;
				GCC_WARN_UNUSED_VARIABLE = YES;
				IPHONEOS_DEPLOYMENT_TARGET = 13.2;
				MTL_ENABLE_DEBUG_INFO = NO;
				MTL_FAST_MATH = YES;
				SDKROOT = iphoneos;
				SWIFT_COMPILATION_MODE = wholemodule;
				SWIFT_OPTIMIZATION_LEVEL = "-O";
				VALIDATE_PRODUCT = YES;
			};
			name = Release;
		};
		8DC4CAD4240656520096D7F8 /* Debug */ = {
			isa = XCBuildConfiguration;
			buildSettings = {
				ASSETCATALOG_COMPILER_APPICON_NAME = AppIcon;
				CODE_SIGN_STYLE = Automatic;
				DEVELOPMENT_ASSET_PATHS = "\"netflixui/Preview Content\"";
				DEVELOPMENT_TEAM = 5B2L4KSFG2;
				ENABLE_PREVIEWS = YES;
				INFOPLIST_FILE = netflixui/Info.plist;
				LD_RUNPATH_SEARCH_PATHS = (
					"$(inherited)",
					"@executable_path/Frameworks",
				);
				PRODUCT_BUNDLE_IDENTIFIER = com.dwirandyh.netflixui;
				PRODUCT_NAME = "$(TARGET_NAME)";
				SWIFT_VERSION = 5.0;
				TARGETED_DEVICE_FAMILY = "1,2";
			};
			name = Debug;
		};
		8DC4CAD5240656520096D7F8 /* Release */ = {
			isa = XCBuildConfiguration;
			buildSettings = {
				ASSETCATALOG_COMPILER_APPICON_NAME = AppIcon;
				CODE_SIGN_STYLE = Automatic;
				DEVELOPMENT_ASSET_PATHS = "\"netflixui/Preview Content\"";
				DEVELOPMENT_TEAM = 5B2L4KSFG2;
				ENABLE_PREVIEWS = YES;
				INFOPLIST_FILE = netflixui/Info.plist;
				LD_RUNPATH_SEARCH_PATHS = (
					"$(inherited)",
					"@executable_path/Frameworks",
				);
				PRODUCT_BUNDLE_IDENTIFIER = com.dwirandyh.netflixui;
				PRODUCT_NAME = "$(TARGET_NAME)";
				SWIFT_VERSION = 5.0;
				TARGETED_DEVICE_FAMILY = "1,2";
			};
			name = Release;
		};
		8DC4CAD7240656520096D7F8 /* Debug */ = {
			isa = XCBuildConfiguration;
			buildSettings = {
				ALWAYS_EMBED_SWIFT_STANDARD_LIBRARIES = YES;
				BUNDLE_LOADER = "$(TEST_HOST)";
				CODE_SIGN_STYLE = Automatic;
				DEVELOPMENT_TEAM = 5B2L4KSFG2;
				INFOPLIST_FILE = netflixuiTests/Info.plist;
				IPHONEOS_DEPLOYMENT_TARGET = 13.2;
				LD_RUNPATH_SEARCH_PATHS = (
					"$(inherited)",
					"@executable_path/Frameworks",
					"@loader_path/Frameworks",
				);
				PRODUCT_BUNDLE_IDENTIFIER = com.dwirandyh.netflixuiTests;
				PRODUCT_NAME = "$(TARGET_NAME)";
				SWIFT_VERSION = 5.0;
				TARGETED_DEVICE_FAMILY = "1,2";
				TEST_HOST = "$(BUILT_PRODUCTS_DIR)/netflixui.app/netflixui";
			};
			name = Debug;
		};
		8DC4CAD8240656520096D7F8 /* Release */ = {
			isa = XCBuildConfiguration;
			buildSettings = {
				ALWAYS_EMBED_SWIFT_STANDARD_LIBRARIES = YES;
				BUNDLE_LOADER = "$(TEST_HOST)";
				CODE_SIGN_STYLE = Automatic;
				DEVELOPMENT_TEAM = 5B2L4KSFG2;
				INFOPLIST_FILE = netflixuiTests/Info.plist;
				IPHONEOS_DEPLOYMENT_TARGET = 13.2;
				LD_RUNPATH_SEARCH_PATHS = (
					"$(inherited)",
					"@executable_path/Frameworks",
					"@loader_path/Frameworks",
				);
				PRODUCT_BUNDLE_IDENTIFIER = com.dwirandyh.netflixuiTests;
				PRODUCT_NAME = "$(TARGET_NAME)";
				SWIFT_VERSION = 5.0;
				TARGETED_DEVICE_FAMILY = "1,2";
				TEST_HOST = "$(BUILT_PRODUCTS_DIR)/netflixui.app/netflixui";
			};
			name = Release;
		};
		8DC4CADA240656520096D7F8 /* Debug */ = {
			isa = XCBuildConfiguration;
			buildSettings = {
				ALWAYS_EMBED_SWIFT_STANDARD_LIBRARIES = YES;
				CODE_SIGN_STYLE = Automatic;
				DEVELOPMENT_TEAM = 5B2L4KSFG2;
				INFOPLIST_FILE = netflixuiUITests/Info.plist;
				LD_RUNPATH_SEARCH_PATHS = (
					"$(inherited)",
					"@executable_path/Frameworks",
					"@loader_path/Frameworks",
				);
				PRODUCT_BUNDLE_IDENTIFIER = com.dwirandyh.netflixuiUITests;
				PRODUCT_NAME = "$(TARGET_NAME)";
				SWIFT_VERSION = 5.0;
				TARGETED_DEVICE_FAMILY = "1,2";
				TEST_TARGET_NAME = netflixui;
			};
			name = Debug;
		};
		8DC4CADB240656520096D7F8 /* Release */ = {
			isa = XCBuildConfiguration;
			buildSettings = {
				ALWAYS_EMBED_SWIFT_STANDARD_LIBRARIES = YES;
				CODE_SIGN_STYLE = Automatic;
				DEVELOPMENT_TEAM = 5B2L4KSFG2;
				INFOPLIST_FILE = netflixuiUITests/Info.plist;
				LD_RUNPATH_SEARCH_PATHS = (
					"$(inherited)",
					"@executable_path/Frameworks",
					"@loader_path/Frameworks",
				);
				PRODUCT_BUNDLE_IDENTIFIER = com.dwirandyh.netflixuiUITests;
				PRODUCT_NAME = "$(TARGET_NAME)";
				SWIFT_VERSION = 5.0;
				TARGETED_DEVICE_FAMILY = "1,2";
				TEST_TARGET_NAME = netflixui;
			};
			name = Release;
		};
/* End XCBuildConfiguration section */

/* Begin XCConfigurationList section */
		8DC4CAA4240656510096D7F8 /* Build configuration list for PBXProject "netflixui" */ = {
			isa = XCConfigurationList;
			buildConfigurations = (
				8DC4CAD1240656520096D7F8 /* Debug */,
				8DC4CAD2240656520096D7F8 /* Release */,
			);
			defaultConfigurationIsVisible = 0;
			defaultConfigurationName = Release;
		};
		8DC4CAD3240656520096D7F8 /* Build configuration list for PBXNativeTarget "netflixui" */ = {
			isa = XCConfigurationList;
			buildConfigurations = (
				8DC4CAD4240656520096D7F8 /* Debug */,
				8DC4CAD5240656520096D7F8 /* Release */,
			);
			defaultConfigurationIsVisible = 0;
			defaultConfigurationName = Release;
		};
		8DC4CAD6240656520096D7F8 /* Build configuration list for PBXNativeTarget "netflixuiTests" */ = {
			isa = XCConfigurationList;
			buildConfigurations = (
				8DC4CAD7240656520096D7F8 /* Debug */,
				8DC4CAD8240656520096D7F8 /* Release */,
			);
			defaultConfigurationIsVisible = 0;
			defaultConfigurationName = Release;
		};
		8DC4CAD9240656520096D7F8 /* Build configuration list for PBXNativeTarget "netflixuiUITests" */ = {
			isa = XCConfigurationList;
			buildConfigurations = (
				8DC4CADA240656520096D7F8 /* Debug */,
				8DC4CADB240656520096D7F8 /* Release */,
			);
			defaultConfigurationIsVisible = 0;
			defaultConfigurationName = Release;
		};
/* End XCConfigurationList section */
	};
	rootObject = 8DC4CAA1240656510096D7F8 /* Project object */;
}
